{
  "nodes": {
    "cryolitia-nur": {
      "inputs": {
        "gpd-fan-driver": "gpd-fan-driver",
        "gpd-linuxcontrols": "gpd-linuxcontrols",
        "nixpkgs": [
          "nixpkgs"
        ],
        "pgp-sig2dot": "pgp-sig2dot",
        "rust-overlay": "rust-overlay_2"
      },
      "locked": {
        "lastModified": 1747451180,
        "narHash": "sha256-/B6h/5cn3kzxZ2UpNIW+V2sCyh8bOH+ZjvQIzxMzamU=",
        "owner": "Cryolitia",
        "repo": "nur-packages",
        "rev": "58f6c56f883cdd74fa7f76b88b9600eb4e7a3ef7",
        "type": "github"
      },
      "original": {
        "owner": "Cryolitia",
        "ref": "master",
        "repo": "nur-packages",
        "type": "github"
      }
    },
    "flake-utils": {
      "inputs": {
        "systems": "systems"
      },
      "locked": {
        "lastModified": 1731533236,
        "narHash": "sha256-l0KFg5HjrsfsO/JpG+r7fRrqm12kzFHyUHqHCVpMMbI=",
        "owner": "numtide",
        "repo": "flake-utils",
        "rev": "11707dc2f618dd54ca8739b309ec4fc024de578b",
        "type": "github"
      },
      "original": {
        "owner": "numtide",
        "repo": "flake-utils",
        "type": "github"
      }
    },
    "gpd-fan-driver": {
      "inputs": {
        "nixpkgs": [
          "cryolitia-nur",
          "nixpkgs"
        ]
      },
      "locked": {
        "lastModified": 1745819625,
        "narHash": "sha256-0mKwXeIIPDdrSDepq6M46YhpIbuVDgw2C9M1Dybms4E=",
        "owner": "Cryolitia",
        "repo": "gpd-fan-driver",
        "rev": "485a8de8b2ce38b62ae0c5994a3ec0f64b8897e7",
        "type": "github"
      },
      "original": {
        "owner": "Cryolitia",
        "repo": "gpd-fan-driver",
        "type": "github"
      }
    },
    "gpd-linuxcontrols": {
      "inputs": {
        "nixpkgs": "nixpkgs",
        "rust-overlay": "rust-overlay"
      },
      "locked": {
        "lastModified": 1720926613,
        "narHash": "sha256-k2fYcrHLDxkgi/R/hpkdXrzUJy54gBaakW+hSwPkFq8=",
        "owner": "Cryolitia",
        "repo": "GPD-LinuxControls",
        "rev": "03776f22389dd1e257f1bc3d61f2e1e304f42ede",
        "type": "github"
      },
      "original": {
        "owner": "Cryolitia",
        "repo": "GPD-LinuxControls",
        "type": "github"
      }
    },
    "home-manager": {
      "inputs": {
        "nixpkgs": [
          "nixpkgs"
        ]
      },
      "locked": {
        "lastModified": 1747439237,
        "narHash": "sha256-5rCGrnkglKKj4cav1U3HC+SIUNJh08pqOK4spQv9RjA=",
        "owner": "nix-community",
        "repo": "home-manager",
        "rev": "ae755329092c87369b9e9a1510a8cf1ce2b1c708",
        "type": "github"
      },
      "original": {
        "owner": "nix-community",
        "repo": "home-manager",
        "type": "github"
      }
    },
    "naersk": {
      "inputs": {
        "nixpkgs": "nixpkgs_4"
      },
      "locked": {
        "lastModified": 1736429655,
        "narHash": "sha256-BwMekRuVlSB9C0QgwKMICiJ5EVbLGjfe4qyueyNQyGI=",
        "owner": "nix-community",
        "repo": "naersk",
        "rev": "0621e47bd95542b8e1ce2ee2d65d6a1f887a13ce",
        "type": "github"
      },
      "original": {
        "owner": "nix-community",
        "repo": "naersk",
        "type": "github"
      }
    },
    "nixpkgs": {
      "locked": {
        "lastModified": 1720781449,
        "narHash": "sha256-po3TZO9kcZwzvkyMJKb0WCzzDtiHWD34XeRaX1lWXp0=",
        "owner": "NixOS",
        "repo": "nixpkgs",
        "rev": "8b5a3d5a1d951344d683b442c0739010b80039db",
        "type": "github"
      },
      "original": {
        "owner": "NixOS",
        "ref": "nixpkgs-unstable",
        "repo": "nixpkgs",
        "type": "github"
      }
    },
    "nixpkgs_2": {
      "locked": {
        "lastModified": 1744157173,
        "narHash": "sha256-bWSjxDwq7iVePrhmA7tY2dyMWHuNJo8knkO4y+q4ZkY=",
        "owner": "NixOS",
        "repo": "nixpkgs",
        "rev": "6a39c6e495eefabc935d8ddf66aa45d85b85fa3f",
        "type": "github"
      },
      "original": {
        "owner": "NixOS",
        "ref": "nixpkgs-unstable",
        "repo": "nixpkgs",
        "type": "github"
      }
    },
    "nixpkgs_3": {
      "locked": {
        "lastModified": 1747327360,
        "narHash": "sha256-LSmTbiq/nqZR9B2t4MRnWG7cb0KVNU70dB7RT4+wYK4=",
        "owner": "NixOS",
        "repo": "nixpkgs",
        "rev": "e06158e58f3adee28b139e9c2bcfcc41f8625b46",
        "type": "github"
      },
      "original": {
        "id": "nixpkgs",
        "ref": "nixos-unstable",
        "type": "indirect"
      }
    },
    "nixpkgs_4": {
      "locked": {
        "lastModified": 0,
        "narHash": "sha256-xvTo0Aw0+veek7hvEVLzErmJyQkEcRk6PSR4zsRQFEc=",
        "path": "/nix/store/hjb1rqv2mfs5ny47amj2gsc8xk05x5g6-source",
        "type": "path"
      },
      "original": {
        "id": "nixpkgs",
        "type": "indirect"
      }
    },
    "pgp-sig2dot": {
      "inputs": {
        "nixpkgs": "nixpkgs_2",
        "rust-overlay": [
          "cryolitia-nur",
          "rust-overlay"
        ]
      },
      "locked": {
        "lastModified": 1746865719,
        "narHash": "sha256-G7hEpb5YNfXnaYupJMrhoMDQmwhXQm+e7ktyERNY2gU=",
        "owner": "Cryolitia",
        "repo": "pgp-sig2dot",
        "rev": "0d12da02fae674038cd8aa5ad58ccb1609ac6567",
        "type": "github"
      },
      "original": {
        "owner": "Cryolitia",
        "repo": "pgp-sig2dot",
        "type": "github"
      }
    },
    "root": {
      "inputs": {
        "cryolitia-nur": "cryolitia-nur",
        "home-manager": "home-manager",
        "nixpkgs": "nixpkgs_3",
        "sops-nix": "sops-nix",
        "tsg": "tsg"
      }
    },
    "rust-overlay": {
      "inputs": {
        "nixpkgs": [
          "cryolitia-nur",
          "gpd-linuxcontrols",
          "nixpkgs"
        ]
      },
      "locked": {
        "lastModified": 1720923816,
        "narHash": "sha256-GrDL1nFYZrB/+Ah1hNoaNFfduB1agpfqL9QyEl12UOU=",
        "owner": "oxalica",
        "repo": "rust-overlay",
        "rev": "fb8c8be0313f0e6385b3d70151a04ea1d71e4b68",
        "type": "github"
      },
      "original": {
        "owner": "oxalica",
        "repo": "rust-overlay",
        "type": "github"
      }
    },
    "rust-overlay_2": {
      "inputs": {
        "nixpkgs": [
          "cryolitia-nur",
          "nixpkgs"
        ]
      },
      "locked": {
        "lastModified": 1747363019,
        "narHash": "sha256-N4dwkRBmpOosa4gfFkFf/LTD8oOcNkAyvZ07JvRDEf0=",
        "owner": "oxalica",
        "repo": "rust-overlay",
        "rev": "0e624f2b1972a34be1a9b35290ed18ea4b419b6f",
        "type": "github"
      },
      "original": {
        "owner": "oxalica",
        "repo": "rust-overlay",
        "type": "github"
      }
    },
    "sops-nix": {
      "inputs": {
        "nixpkgs": [
          "nixpkgs"
        ]
      },
      "locked": {
        "lastModified": 1746485181,
        "narHash": "sha256-PxrrSFLaC7YuItShxmYbMgSuFFuwxBB+qsl9BZUnRvg=",
        "owner": "Mic92",
        "repo": "sops-nix",
        "rev": "e93ee1d900ad264d65e9701a5c6f895683433386",
        "type": "github"
      },
      "original": {
        "owner": "Mic92",
        "repo": "sops-nix",
        "type": "github"
      }
    },
    "systems": {
      "locked": {
        "lastModified": 1681028828,
        "narHash": "sha256-Vy1rq5AaRuLzOxct8nz4T6wlgyUR7zLU309k9mBC768=",
        "owner": "nix-systems",
        "repo": "default",
        "rev": "da67096a3b9bf56a91d16901293e51ba5b49a27e",
        "type": "github"
      },
      "original": {
        "owner": "nix-systems",
        "repo": "default",
        "type": "github"
      }
    },
    "tsg": {
      "inputs": {
        "flake-utils": "flake-utils",
        "naersk": "naersk",
        "nixpkgs": [
          "nixpkgs"
        ]
      },
      "locked": {
        "lastModified": 1746180170,
        "narHash": "sha256-Jowkuifdc+1exN3zcViOQEwvQvAGlY2zlI+5Zvcd10o=",
        "path": "/home/pi/src/github/dispanser/touchscreen-gestures",
        "type": "path"
      },
      "original": {
        "path": "/home/pi/src/github/dispanser/touchscreen-gestures",
        "type": "path"
      }
    }
  },
  "root": "root",
  "version": 7
}
